
Microsoft Visual Studio Solution File, Format Version 12.00
# Visual Studio 2012
Project("{FAE04EC0-301F-11D3-BF4B-00C04F79EFBC}") = "OrigoDB.Modules.EventStore", "OrigoDB.Modules.EventStore\OrigoDB.Modules.EventStore.csproj", "{8BDD533B-0E1A-4BC5-A70C-9DA8D7BEBDFC}"
EndProject
Project("{FAE04EC0-301F-11D3-BF4B-00C04F79EFBC}") = "OrigoDB.Modules.EventStore.Test", "OrigoDB.Modules.EventStore.Test\OrigoDB.Modules.EventStore.Test.csproj", "{BE04EFB2-BA58-42CC-BB0D-028F4E70490C}"
EndProject
Global
	GlobalSection(SolutionConfigurationPlatforms) = preSolution
		Debug|Any CPU = Debug|Any CPU
		Release|Any CPU = Release|Any CPU
	EndGlobalSection
	GlobalSection(ProjectConfigurationPlatforms) = postSolution
		{8BDD533B-0E1A-4BC5-A70C-9DA8D7BEBDFC}.Debug|Any CPU.ActiveCfg = Debug|Any CPU
		{8BDD533B-0E1A-4BC5-A70C-9DA8D7BEBDFC}.Debug|Any CPU.Build.0 = Debug|Any CPU
		{8BDD533B-0E1A-4BC5-A70C-9DA8D7BEBDFC}.Release|Any CPU.ActiveCfg = Release|Any CPU
		{8BDD533B-0E1A-4BC5-A70C-9DA8D7BEBDFC}.Release|Any CPU.Build.0 = Release|Any CPU
		{BE04EFB2-BA58-42CC-BB0D-028F4E70490C}.Debug|Any CPU.ActiveCfg = Debug|Any CPU
		{BE04EFB2-BA58-42CC-BB0D-028F4E70490C}.Debug|Any CPU.Build.0 = Debug|Any CPU
		{BE04EFB2-BA58-42CC-BB0D-028F4E70490C}.Release|Any CPU.ActiveCfg = Release|Any CPU
		{BE04EFB2-BA58-42CC-BB0D-028F4E70490C}.Release|Any CPU.Build.0 = Release|Any CPU
	EndGlobalSection
	GlobalSection(SolutionProperties) = preSolution
		HideSolutionNode = FALSE
	EndGlobalSection
EndGlobal
